// !$*UTF8*$!
{
	archiveVersion = 1;
	classes = {
	};
	objectVersion = 46;
	objects = {

/* Begin PBXBuildFile section */
		3C1F6918A45D0CDC6A497D44 /* Pods_Hambre.framework in Frameworks */ = {isa = PBXBuildFile; fileRef = 13551CDA5DFB9578A718E151 /* Pods_Hambre.framework */; };
		5B01B5261F1052AC00EB8AF3 /* Righteous-Regular.ttf in Resources */ = {isa = PBXBuildFile; fileRef = 5B01B5251F1052AC00EB8AF3 /* Righteous-Regular.ttf */; };
		5B52042C1EEA5C600069AD33 /* CALayerExtension.swift in Sources */ = {isa = PBXBuildFile; fileRef = 5B52042B1EEA5C600069AD33 /* CALayerExtension.swift */; };
		6408B5851EF862F900600538 /* ReviewTableViewCell.xib in Resources */ = {isa = PBXBuildFile; fileRef = 6408B5841EF862F900600538 /* ReviewTableViewCell.xib */; };
		642079C11EF0D77D00F78230 /* MapView.xib in Resources */ = {isa = PBXBuildFile; fileRef = 642079C01EF0D77D00F78230 /* MapView.xib */; };
		642079C31EF0D78900F78230 /* MapView.swift in Sources */ = {isa = PBXBuildFile; fileRef = 642079C21EF0D78900F78230 /* MapView.swift */; };
		642A7CCA1EDCD9430085062A /* Negocio.swift in Sources */ = {isa = PBXBuildFile; fileRef = 642A7CC91EDCD9430085062A /* Negocio.swift */; };
		642A7CCC1EDCDA520085062A /* PersonalBusiness.swift in Sources */ = {isa = PBXBuildFile; fileRef = 642A7CCB1EDCDA520085062A /* PersonalBusiness.swift */; };
		642A7CCF1EDCDCB40085062A /* Negocios.xcdatamodeld in Sources */ = {isa = PBXBuildFile; fileRef = 642A7CCD1EDCDCB40085062A /* Negocios.xcdatamodeld */; };
		642A7CD11EDCDD950085062A /* BusinessTileOperator.swift in Sources */ = {isa = PBXBuildFile; fileRef = 642A7CD01EDCDD950085062A /* BusinessTileOperator.swift */; };
		642A7CD31EDCE0A00085062A /* BusinessTileViewController.swift in Sources */ = {isa = PBXBuildFile; fileRef = 642A7CD21EDCE0A00085062A /* BusinessTileViewController.swift */; };
		644BCA081EE75A95004324E2 /* ReviewTableViewCell.swift in Sources */ = {isa = PBXBuildFile; fileRef = 644BCA071EE75A94004324E2 /* ReviewTableViewCell.swift */; };
		644FA6F01F0C0C700034D574 /* RadiusCoreData.swift in Sources */ = {isa = PBXBuildFile; fileRef = 644FA6EF1F0C0C700034D574 /* RadiusCoreData.swift */; };
		6450958E1EDB842400427A83 /* AppDelegate.swift in Sources */ = {isa = PBXBuildFile; fileRef = 6450958D1EDB842400427A83 /* AppDelegate.swift */; };
		645095951EDB842400427A83 /* Main.storyboard in Resources */ = {isa = PBXBuildFile; fileRef = 645095931EDB842400427A83 /* Main.storyboard */; };
		645095971EDB842400427A83 /* Assets.xcassets in Resources */ = {isa = PBXBuildFile; fileRef = 645095961EDB842400427A83 /* Assets.xcassets */; };
		6450959A1EDB842400427A83 /* LaunchScreen.storyboard in Resources */ = {isa = PBXBuildFile; fileRef = 645095981EDB842400427A83 /* LaunchScreen.storyboard */; };
		645911661EE65363006517CB /* LikedTableViewCell.swift in Sources */ = {isa = PBXBuildFile; fileRef = 645911651EE65363006517CB /* LikedTableViewCell.swift */; };
		645A31EF1EE2114D001A958A /* AddReviewViewController.swift in Sources */ = {isa = PBXBuildFile; fileRef = 645A31EE1EE2114D001A958A /* AddReviewViewController.swift */; };
		646B59DC1EE8C15700CCB194 /* CoreDataLocation.swift in Sources */ = {isa = PBXBuildFile; fileRef = 646B59DB1EE8C15700CCB194 /* CoreDataLocation.swift */; };
		646ED0901F0D778400E3253B /* OverlayView.swift in Sources */ = {isa = PBXBuildFile; fileRef = 646ED08F1F0D778400E3253B /* OverlayView.swift */; };
		646F529F1F06D70100D977B3 /* RadiiLocation.swift in Sources */ = {isa = PBXBuildFile; fileRef = 646F529E1F06D70100D977B3 /* RadiiLocation.swift */; };
		64716E871EE8850300970C07 /* SettingsViewController.swift in Sources */ = {isa = PBXBuildFile; fileRef = 64716E861EE8850300970C07 /* SettingsViewController.swift */; };
		64716E891EE88E2B00970C07 /* GenrePickerViewController.swift in Sources */ = {isa = PBXBuildFile; fileRef = 64716E881EE88E2B00970C07 /* GenrePickerViewController.swift */; };
		648B74C51EDE25F400B5D2CE /* YelpContainer.swift in Sources */ = {isa = PBXBuildFile; fileRef = 648B74C41EDE25F400B5D2CE /* YelpContainer.swift */; };
		648B74C91EDE4DBC00B5D2CE /* PersonalBusinessCoreData.swift in Sources */ = {isa = PBXBuildFile; fileRef = 648B74C81EDE4DBC00B5D2CE /* PersonalBusinessCoreData.swift */; };
		648B74CE1EDE58FF00B5D2CE /* LikedBusinessesViewController.swift in Sources */ = {isa = PBXBuildFile; fileRef = 648B74CD1EDE58FF00B5D2CE /* LikedBusinessesViewController.swift */; };
		64932DD71EEF75A1001727AE /* ReviewView.xib in Resources */ = {isa = PBXBuildFile; fileRef = 64932DD61EEF75A1001727AE /* ReviewView.xib */; };
		64932DD91EEF75B9001727AE /* ReviewView.swift in Sources */ = {isa = PBXBuildFile; fileRef = 64932DD81EEF75B9001727AE /* ReviewView.swift */; };
		6499FE661F0AFED50000D23A /* SettingsPopOverViewController.swift in Sources */ = {isa = PBXBuildFile; fileRef = 6499FE651F0AFED50000D23A /* SettingsPopOverViewController.swift */; };
		64A69A821F05D52700EC3F8C /* NoInternetConnectionViewController.swift in Sources */ = {isa = PBXBuildFile; fileRef = 64A69A811F05D52700EC3F8C /* NoInternetConnectionViewController.swift */; };
		64AA366B1F032D19002DB2AC /* WebViewController.swift in Sources */ = {isa = PBXBuildFile; fileRef = 64AA366A1F032D19002DB2AC /* WebViewController.swift */; };
		64AB3F951F0C790800F280B7 /* DraggableView.xib in Resources */ = {isa = PBXBuildFile; fileRef = 64AB3F941F0C790800F280B7 /* DraggableView.xib */; };
		64AB3F971F0C799B00F280B7 /* DraggableView.swift in Sources */ = {isa = PBXBuildFile; fileRef = 64AB3F961F0C799B00F280B7 /* DraggableView.swift */; };
		64CEE48F1EE0A50A0065082F /* CloudKit.framework in Frameworks */ = {isa = PBXBuildFile; fileRef = 64CEE48E1EE0A50A0065082F /* CloudKit.framework */; };
		64CEE4911EE0A7660065082F /* CloudKitDatabaseHandler.swift in Sources */ = {isa = PBXBuildFile; fileRef = 64CEE4901EE0A7660065082F /* CloudKitDatabaseHandler.swift */; };
		64D8E8341EE9F5C900D5DB31 /* MainTabViewController.swift in Sources */ = {isa = PBXBuildFile; fileRef = 64D8E8331EE9F5C900D5DB31 /* MainTabViewController.swift */; };
		64D8E8371EEA38F400D5DB31 /* DetailView.swift in Sources */ = {isa = PBXBuildFile; fileRef = 64D8E8361EEA38F400D5DB31 /* DetailView.swift */; };
		64D8E8391EEA39F000D5DB31 /* View.xib in Resources */ = {isa = PBXBuildFile; fileRef = 64D8E8381EEA39F000D5DB31 /* View.xib */; };
		64E1E8C81EDBAA020052EABA /* YLPClient.swift in Sources */ = {isa = PBXBuildFile; fileRef = 64E1E8C71EDBAA020052EABA /* YLPClient.swift */; };
		64F8566C1EDF61D3004E352F /* BusinessViewController.swift in Sources */ = {isa = PBXBuildFile; fileRef = 64F8566B1EDF61D3004E352F /* BusinessViewController.swift */; };
		C3E4BF8EE1BA58E8D4832FD1 /* Pods_HambreTests.framework in Frameworks */ = {isa = PBXBuildFile; fileRef = E67A7D8E6850E96DF9707C41 /* Pods_HambreTests.framework */; };
/* End PBXBuildFile section */

/* Begin PBXContainerItemProxy section */
		645095A11EDB842400427A83 /* PBXContainerItemProxy */ = {
			isa = PBXContainerItemProxy;
			containerPortal = 645095821EDB842400427A83 /* Project object */;
			proxyType = 1;
			remoteGlobalIDString = 645095891EDB842400427A83;
			remoteInfo = Hambre;
		};
		645095AC1EDB842400427A83 /* PBXContainerItemProxy */ = {
			isa = PBXContainerItemProxy;
			containerPortal = 645095821EDB842400427A83 /* Project object */;
			proxyType = 1;
			remoteGlobalIDString = 645095891EDB842400427A83;
			remoteInfo = Hambre;
		};
/* End PBXContainerItemProxy section */

/* Begin PBXFileReference section */
		13551CDA5DFB9578A718E151 /* Pods_Hambre.framework */ = {isa = PBXFileReference; explicitFileType = wrapper.framework; includeInIndex = 0; path = Pods_Hambre.framework; sourceTree = BUILT_PRODUCTS_DIR; };
		2DD9A9129711824D51E13F5A /* Pods-Hambre.debug.xcconfig */ = {isa = PBXFileReference; includeInIndex = 1; lastKnownFileType = text.xcconfig; name = "Pods-Hambre.debug.xcconfig"; path = "Pods/Target Support Files/Pods-Hambre/Pods-Hambre.debug.xcconfig"; sourceTree = "<group>"; };
		5B01B5251F1052AC00EB8AF3 /* Righteous-Regular.ttf */ = {isa = PBXFileReference; lastKnownFileType = file; path = "Righteous-Regular.ttf"; sourceTree = "<group>"; };
		5B52042B1EEA5C600069AD33 /* CALayerExtension.swift */ = {isa = PBXFileReference; fileEncoding = 4; lastKnownFileType = sourcecode.swift; path = CALayerExtension.swift; sourceTree = "<group>"; };
		5E8D6256026A9DBC42650E1A /* Pods-HambreTests.debug.xcconfig */ = {isa = PBXFileReference; includeInIndex = 1; lastKnownFileType = text.xcconfig; name = "Pods-HambreTests.debug.xcconfig"; path = "Pods/Target Support Files/Pods-HambreTests/Pods-HambreTests.debug.xcconfig"; sourceTree = "<group>"; };
		6408B5841EF862F900600538 /* ReviewTableViewCell.xib */ = {isa = PBXFileReference; fileEncoding = 4; lastKnownFileType = file.xib; path = ReviewTableViewCell.xib; sourceTree = "<group>"; };
		642079C01EF0D77D00F78230 /* MapView.xib */ = {isa = PBXFileReference; fileEncoding = 4; lastKnownFileType = file.xib; path = MapView.xib; sourceTree = "<group>"; };
		642079C21EF0D78900F78230 /* MapView.swift */ = {isa = PBXFileReference; fileEncoding = 4; lastKnownFileType = sourcecode.swift; path = MapView.swift; sourceTree = "<group>"; };
		642A7CC91EDCD9430085062A /* Negocio.swift */ = {isa = PBXFileReference; fileEncoding = 4; lastKnownFileType = sourcecode.swift; path = Negocio.swift; sourceTree = "<group>"; };
		642A7CCB1EDCDA520085062A /* PersonalBusiness.swift */ = {isa = PBXFileReference; fileEncoding = 4; lastKnownFileType = sourcecode.swift; path = PersonalBusiness.swift; sourceTree = "<group>"; };
		642A7CCE1EDCDCB40085062A /* Negocios.xcdatamodel */ = {isa = PBXFileReference; lastKnownFileType = wrapper.xcdatamodel; path = Negocios.xcdatamodel; sourceTree = "<group>"; };
		642A7CD01EDCDD950085062A /* BusinessTileOperator.swift */ = {isa = PBXFileReference; fileEncoding = 4; lastKnownFileType = sourcecode.swift; path = BusinessTileOperator.swift; sourceTree = "<group>"; };
		642A7CD21EDCE0A00085062A /* BusinessTileViewController.swift */ = {isa = PBXFileReference; fileEncoding = 4; lastKnownFileType = sourcecode.swift; path = BusinessTileViewController.swift; sourceTree = "<group>"; };
		644BCA071EE75A94004324E2 /* ReviewTableViewCell.swift */ = {isa = PBXFileReference; fileEncoding = 4; lastKnownFileType = sourcecode.swift; path = ReviewTableViewCell.swift; sourceTree = "<group>"; };
		644DFABB1F0C37860092FACF /* Negocios5.xcdatamodel */ = {isa = PBXFileReference; lastKnownFileType = wrapper.xcdatamodel; path = Negocios5.xcdatamodel; sourceTree = "<group>"; };
		644FA6EF1F0C0C700034D574 /* RadiusCoreData.swift */ = {isa = PBXFileReference; fileEncoding = 4; lastKnownFileType = sourcecode.swift; path = RadiusCoreData.swift; sourceTree = "<group>"; };
		644FA6F11F0C0FD80034D574 /* Negocios4.xcdatamodel */ = {isa = PBXFileReference; lastKnownFileType = wrapper.xcdatamodel; path = Negocios4.xcdatamodel; sourceTree = "<group>"; };
		6450958A1EDB842400427A83 /* Hambre.app */ = {isa = PBXFileReference; explicitFileType = wrapper.application; includeInIndex = 0; path = Hambre.app; sourceTree = BUILT_PRODUCTS_DIR; };
		6450958D1EDB842400427A83 /* AppDelegate.swift */ = {isa = PBXFileReference; lastKnownFileType = sourcecode.swift; path = AppDelegate.swift; sourceTree = "<group>"; };
		645095941EDB842400427A83 /* Base */ = {isa = PBXFileReference; lastKnownFileType = file.storyboard; name = Base; path = Base.lproj/Main.storyboard; sourceTree = "<group>"; };
		645095961EDB842400427A83 /* Assets.xcassets */ = {isa = PBXFileReference; lastKnownFileType = folder.assetcatalog; path = Assets.xcassets; sourceTree = "<group>"; };
		645095991EDB842400427A83 /* Base */ = {isa = PBXFileReference; lastKnownFileType = file.storyboard; name = Base; path = Base.lproj/LaunchScreen.storyboard; sourceTree = "<group>"; };
		6450959B1EDB842400427A83 /* Info.plist */ = {isa = PBXFileReference; lastKnownFileType = text.plist.xml; path = Info.plist; sourceTree = "<group>"; };
		645095A01EDB842400427A83 /* HambreTests.xctest */ = {isa = PBXFileReference; explicitFileType = wrapper.cfbundle; includeInIndex = 0; path = HambreTests.xctest; sourceTree = BUILT_PRODUCTS_DIR; };
		645095A61EDB842400427A83 /* Info.plist */ = {isa = PBXFileReference; lastKnownFileType = text.plist.xml; path = Info.plist; sourceTree = "<group>"; };
		645095AB1EDB842400427A83 /* HambreUITests.xctest */ = {isa = PBXFileReference; explicitFileType = wrapper.cfbundle; includeInIndex = 0; path = HambreUITests.xctest; sourceTree = BUILT_PRODUCTS_DIR; };
		645095B11EDB842400427A83 /* Info.plist */ = {isa = PBXFileReference; lastKnownFileType = text.plist.xml; path = Info.plist; sourceTree = "<group>"; };
		645911641EE64D92006517CB /* Negocios1.xcdatamodel */ = {isa = PBXFileReference; lastKnownFileType = wrapper.xcdatamodel; path = Negocios1.xcdatamodel; sourceTree = "<group>"; };
		645911651EE65363006517CB /* LikedTableViewCell.swift */ = {isa = PBXFileReference; fileEncoding = 4; lastKnownFileType = sourcecode.swift; path = LikedTableViewCell.swift; sourceTree = "<group>"; };
		645A31EE1EE2114D001A958A /* AddReviewViewController.swift */ = {isa = PBXFileReference; fileEncoding = 4; lastKnownFileType = sourcecode.swift; path = AddReviewViewController.swift; sourceTree = "<group>"; };
		646B59DB1EE8C15700CCB194 /* CoreDataLocation.swift */ = {isa = PBXFileReference; fileEncoding = 4; lastKnownFileType = sourcecode.swift; path = CoreDataLocation.swift; sourceTree = "<group>"; };
		646B59DD1EE8C19100CCB194 /* Negocios2.xcdatamodel */ = {isa = PBXFileReference; lastKnownFileType = wrapper.xcdatamodel; path = Negocios2.xcdatamodel; sourceTree = "<group>"; };
		646ED08F1F0D778400E3253B /* OverlayView.swift */ = {isa = PBXFileReference; fileEncoding = 4; lastKnownFileType = sourcecode.swift; path = OverlayView.swift; sourceTree = "<group>"; };
		646F529E1F06D70100D977B3 /* RadiiLocation.swift */ = {isa = PBXFileReference; fileEncoding = 4; lastKnownFileType = sourcecode.swift; path = RadiiLocation.swift; sourceTree = "<group>"; };
		64716E861EE8850300970C07 /* SettingsViewController.swift */ = {isa = PBXFileReference; fileEncoding = 4; lastKnownFileType = sourcecode.swift; path = SettingsViewController.swift; sourceTree = "<group>"; };
		64716E881EE88E2B00970C07 /* GenrePickerViewController.swift */ = {isa = PBXFileReference; fileEncoding = 4; lastKnownFileType = sourcecode.swift; path = GenrePickerViewController.swift; sourceTree = "<group>"; };
		648736141F100A160070D5F1 /* Tracy.gpx */ = {isa = PBXFileReference; lastKnownFileType = text.xml; name = Tracy.gpx; path = ../Tracy.gpx; sourceTree = "<group>"; };
		648B74C41EDE25F400B5D2CE /* YelpContainer.swift */ = {isa = PBXFileReference; fileEncoding = 4; lastKnownFileType = sourcecode.swift; path = YelpContainer.swift; sourceTree = "<group>"; };
		648B74C81EDE4DBC00B5D2CE /* PersonalBusinessCoreData.swift */ = {isa = PBXFileReference; fileEncoding = 4; lastKnownFileType = sourcecode.swift; path = PersonalBusinessCoreData.swift; sourceTree = "<group>"; };
		648B74CD1EDE58FF00B5D2CE /* LikedBusinessesViewController.swift */ = {isa = PBXFileReference; fileEncoding = 4; lastKnownFileType = sourcecode.swift; path = LikedBusinessesViewController.swift; sourceTree = "<group>"; };
		64932DD61EEF75A1001727AE /* ReviewView.xib */ = {isa = PBXFileReference; fileEncoding = 4; lastKnownFileType = file.xib; path = ReviewView.xib; sourceTree = "<group>"; };
		64932DD81EEF75B9001727AE /* ReviewView.swift */ = {isa = PBXFileReference; fileEncoding = 4; lastKnownFileType = sourcecode.swift; path = ReviewView.swift; sourceTree = "<group>"; };
		64932DDA1EEF8A35001727AE /* Negocios3.xcdatamodel */ = {isa = PBXFileReference; lastKnownFileType = wrapper.xcdatamodel; path = Negocios3.xcdatamodel; sourceTree = "<group>"; };
		6499FE651F0AFED50000D23A /* SettingsPopOverViewController.swift */ = {isa = PBXFileReference; fileEncoding = 4; lastKnownFileType = sourcecode.swift; path = SettingsPopOverViewController.swift; sourceTree = "<group>"; };
		64A69A811F05D52700EC3F8C /* NoInternetConnectionViewController.swift */ = {isa = PBXFileReference; fileEncoding = 4; lastKnownFileType = sourcecode.swift; path = NoInternetConnectionViewController.swift; sourceTree = "<group>"; };
		64AA366A1F032D19002DB2AC /* WebViewController.swift */ = {isa = PBXFileReference; fileEncoding = 4; lastKnownFileType = sourcecode.swift; path = WebViewController.swift; sourceTree = "<group>"; };
		64AB3F941F0C790800F280B7 /* DraggableView.xib */ = {isa = PBXFileReference; fileEncoding = 4; lastKnownFileType = file.xib; path = DraggableView.xib; sourceTree = "<group>"; };
		64AB3F961F0C799B00F280B7 /* DraggableView.swift */ = {isa = PBXFileReference; fileEncoding = 4; lastKnownFileType = sourcecode.swift; path = DraggableView.swift; sourceTree = "<group>"; };
		64CEE48D1EE0A4F40065082F /* Hambre.entitlements */ = {isa = PBXFileReference; lastKnownFileType = text.plist.entitlements; path = Hambre.entitlements; sourceTree = "<group>"; };
		64CEE48E1EE0A50A0065082F /* CloudKit.framework */ = {isa = PBXFileReference; lastKnownFileType = wrapper.framework; name = CloudKit.framework; path = System/Library/Frameworks/CloudKit.framework; sourceTree = SDKROOT; };
		64CEE4901EE0A7660065082F /* CloudKitDatabaseHandler.swift */ = {isa = PBXFileReference; fileEncoding = 4; lastKnownFileType = sourcecode.swift; path = CloudKitDatabaseHandler.swift; sourceTree = "<group>"; };
		64D8E8331EE9F5C900D5DB31 /* MainTabViewController.swift */ = {isa = PBXFileReference; fileEncoding = 4; lastKnownFileType = sourcecode.swift; path = MainTabViewController.swift; sourceTree = "<group>"; };
		64D8E8361EEA38F400D5DB31 /* DetailView.swift */ = {isa = PBXFileReference; fileEncoding = 4; lastKnownFileType = sourcecode.swift; path = DetailView.swift; sourceTree = "<group>"; };
		64D8E8381EEA39F000D5DB31 /* View.xib */ = {isa = PBXFileReference; fileEncoding = 4; lastKnownFileType = file.xib; path = View.xib; sourceTree = "<group>"; };
		64E1E8C71EDBAA020052EABA /* YLPClient.swift */ = {isa = PBXFileReference; fileEncoding = 4; lastKnownFileType = sourcecode.swift; path = YLPClient.swift; sourceTree = "<group>"; };
		64F8566B1EDF61D3004E352F /* BusinessViewController.swift */ = {isa = PBXFileReference; fileEncoding = 4; lastKnownFileType = sourcecode.swift; path = BusinessViewController.swift; sourceTree = "<group>"; };
		9B30F1AE1197A9EE0086F1FB /* Pods-Hambre.release.xcconfig */ = {isa = PBXFileReference; includeInIndex = 1; lastKnownFileType = text.xcconfig; name = "Pods-Hambre.release.xcconfig"; path = "Pods/Target Support Files/Pods-Hambre/Pods-Hambre.release.xcconfig"; sourceTree = "<group>"; };
		D06A183918C18A19BCB71376 /* Pods-HambreTests.release.xcconfig */ = {isa = PBXFileReference; includeInIndex = 1; lastKnownFileType = text.xcconfig; name = "Pods-HambreTests.release.xcconfig"; path = "Pods/Target Support Files/Pods-HambreTests/Pods-HambreTests.release.xcconfig"; sourceTree = "<group>"; };
		E67A7D8E6850E96DF9707C41 /* Pods_HambreTests.framework */ = {isa = PBXFileReference; explicitFileType = wrapper.framework; includeInIndex = 0; path = Pods_HambreTests.framework; sourceTree = BUILT_PRODUCTS_DIR; };
/* End PBXFileReference section */

/* Begin PBXFrameworksBuildPhase section */
		645095871EDB842400427A83 /* Frameworks */ = {
			isa = PBXFrameworksBuildPhase;
			buildActionMask = 2147483647;
			files = (
				3C1F6918A45D0CDC6A497D44 /* Pods_Hambre.framework in Frameworks */,
				64CEE48F1EE0A50A0065082F /* CloudKit.framework in Frameworks */,
			);
			runOnlyForDeploymentPostprocessing = 0;
		};
		6450959D1EDB842400427A83 /* Frameworks */ = {
			isa = PBXFrameworksBuildPhase;
			buildActionMask = 2147483647;
			files = (
				C3E4BF8EE1BA58E8D4832FD1 /* Pods_HambreTests.framework in Frameworks */,
			);
			runOnlyForDeploymentPostprocessing = 0;
		};
		645095A81EDB842400427A83 /* Frameworks */ = {
			isa = PBXFrameworksBuildPhase;
			buildActionMask = 2147483647;
			files = (
			);
			runOnlyForDeploymentPostprocessing = 0;
		};
/* End PBXFrameworksBuildPhase section */

/* Begin PBXGroup section */
		15E9DE7D5966D083F6E3E039 /* Frameworks */ = {
			isa = PBXGroup;
			children = (
				64CEE48E1EE0A50A0065082F /* CloudKit.framework */,
				13551CDA5DFB9578A718E151 /* Pods_Hambre.framework */,
				E67A7D8E6850E96DF9707C41 /* Pods_HambreTests.framework */,
			);
			name = Frameworks;
			sourceTree = "<group>";
		};
		642A7CC71EDCD8680085062A /* YelpAPI */ = {
			isa = PBXGroup;
			children = (
				64E1E8C71EDBAA020052EABA /* YLPClient.swift */,
			);
			name = YelpAPI;
			sourceTree = "<group>";
		};
		642A7CC81EDCD90C0085062A /* TileWork */ = {
			isa = PBXGroup;
			children = (
				642A7CC91EDCD9430085062A /* Negocio.swift */,
				644DFABC1F0C44430092FACF /* Tile */,
				642A7CCB1EDCDA520085062A /* PersonalBusiness.swift */,
				648B74C81EDE4DBC00B5D2CE /* PersonalBusinessCoreData.swift */,
				642A7CD01EDCDD950085062A /* BusinessTileOperator.swift */,
				646F529E1F06D70100D977B3 /* RadiiLocation.swift */,
				642A7CD21EDCE0A00085062A /* BusinessTileViewController.swift */,
				648B74C41EDE25F400B5D2CE /* YelpContainer.swift */,
				64A69A811F05D52700EC3F8C /* NoInternetConnectionViewController.swift */,
			);
			name = TileWork;
			sourceTree = "<group>";
		};
		644DFABC1F0C44430092FACF /* Tile */ = {
			isa = PBXGroup;
			children = (
				64AB3F941F0C790800F280B7 /* DraggableView.xib */,
				64AB3F961F0C799B00F280B7 /* DraggableView.swift */,
				646ED08F1F0D778400E3253B /* OverlayView.swift */,
			);
			name = Tile;
			sourceTree = "<group>";
		};
		645095811EDB842400427A83 = {
			isa = PBXGroup;
			children = (
				6450958C1EDB842400427A83 /* Hambre */,
				645095A31EDB842400427A83 /* HambreTests */,
				645095AE1EDB842400427A83 /* HambreUITests */,
				6450958B1EDB842400427A83 /* Products */,
				CB529C51D6DCDA9B9E0E6A6D /* Pods */,
				15E9DE7D5966D083F6E3E039 /* Frameworks */,
			);
			sourceTree = "<group>";
		};
		6450958B1EDB842400427A83 /* Products */ = {
			isa = PBXGroup;
			children = (
				6450958A1EDB842400427A83 /* Hambre.app */,
				645095A01EDB842400427A83 /* HambreTests.xctest */,
				645095AB1EDB842400427A83 /* HambreUITests.xctest */,
			);
			name = Products;
			sourceTree = "<group>";
		};
		6450958C1EDB842400427A83 /* Hambre */ = {
			isa = PBXGroup;
			children = (
				648736141F100A160070D5F1 /* Tracy.gpx */,
				64CEE48D1EE0A4F40065082F /* Hambre.entitlements */,
				6450958D1EDB842400427A83 /* AppDelegate.swift */,
				64716E851EE884EB00970C07 /* Settings */,
				64E2836E1EDF92AC00D9848E /* CloudKitDatabase */,
				64F8566A1EDF61BD004E352F /* BusinessView */,
				648B74CC1EDE58E900B5D2CE /* LikedBusinesses */,
				642A7CC81EDCD90C0085062A /* TileWork */,
				642A7CC71EDCD8680085062A /* YelpAPI */,
				645095931EDB842400427A83 /* Main.storyboard */,
				64D8E8331EE9F5C900D5DB31 /* MainTabViewController.swift */,
				5B52042B1EEA5C600069AD33 /* CALayerExtension.swift */,
				645095961EDB842400427A83 /* Assets.xcassets */,
				645095981EDB842400427A83 /* LaunchScreen.storyboard */,
				5B01B5251F1052AC00EB8AF3 /* Righteous-Regular.ttf */,
				6450959B1EDB842400427A83 /* Info.plist */,
				642A7CCD1EDCDCB40085062A /* Negocios.xcdatamodeld */,
			);
			path = Hambre;
			sourceTree = "<group>";
		};
		645095A31EDB842400427A83 /* HambreTests */ = {
			isa = PBXGroup;
			children = (
				645095A61EDB842400427A83 /* Info.plist */,
			);
			path = HambreTests;
			sourceTree = "<group>";
		};
		645095AE1EDB842400427A83 /* HambreUITests */ = {
			isa = PBXGroup;
			children = (
				645095B11EDB842400427A83 /* Info.plist */,
			);
			path = HambreUITests;
			sourceTree = "<group>";
		};
		64716E851EE884EB00970C07 /* Settings */ = {
			isa = PBXGroup;
			children = (
				64716E861EE8850300970C07 /* SettingsViewController.swift */,
				6499FE651F0AFED50000D23A /* SettingsPopOverViewController.swift */,
				644FA6EF1F0C0C700034D574 /* RadiusCoreData.swift */,
				64716E881EE88E2B00970C07 /* GenrePickerViewController.swift */,
				646B59DB1EE8C15700CCB194 /* CoreDataLocation.swift */,
			);
			name = Settings;
			sourceTree = "<group>";
		};
		648B74CC1EDE58E900B5D2CE /* LikedBusinesses */ = {
			isa = PBXGroup;
			children = (
				648B74CD1EDE58FF00B5D2CE /* LikedBusinessesViewController.swift */,
				645911651EE65363006517CB /* LikedTableViewCell.swift */,
			);
			name = LikedBusinesses;
			sourceTree = "<group>";
		};
		64D8E8351EEA38CB00D5DB31 /* DetailViews */ = {
			isa = PBXGroup;
			children = (
				64D8E8361EEA38F400D5DB31 /* DetailView.swift */,
				64932DD81EEF75B9001727AE /* ReviewView.swift */,
				642079C21EF0D78900F78230 /* MapView.swift */,
				64D8E8381EEA39F000D5DB31 /* View.xib */,
				642079C01EF0D77D00F78230 /* MapView.xib */,
				64932DD61EEF75A1001727AE /* ReviewView.xib */,
			);
			name = DetailViews;
			sourceTree = "<group>";
		};
		64E2836E1EDF92AC00D9848E /* CloudKitDatabase */ = {
			isa = PBXGroup;
			children = (
				64CEE4901EE0A7660065082F /* CloudKitDatabaseHandler.swift */,
			);
			name = CloudKitDatabase;
			sourceTree = "<group>";
		};
		64F8566A1EDF61BD004E352F /* BusinessView */ = {
			isa = PBXGroup;
			children = (
				64D8E8351EEA38CB00D5DB31 /* DetailViews */,
				64F8566B1EDF61D3004E352F /* BusinessViewController.swift */,
				64AA366A1F032D19002DB2AC /* WebViewController.swift */,
				644BCA071EE75A94004324E2 /* ReviewTableViewCell.swift */,
				6408B5841EF862F900600538 /* ReviewTableViewCell.xib */,
				645A31EE1EE2114D001A958A /* AddReviewViewController.swift */,
			);
			name = BusinessView;
			sourceTree = "<group>";
		};
		CB529C51D6DCDA9B9E0E6A6D /* Pods */ = {
			isa = PBXGroup;
			children = (
				2DD9A9129711824D51E13F5A /* Pods-Hambre.debug.xcconfig */,
				9B30F1AE1197A9EE0086F1FB /* Pods-Hambre.release.xcconfig */,
				5E8D6256026A9DBC42650E1A /* Pods-HambreTests.debug.xcconfig */,
				D06A183918C18A19BCB71376 /* Pods-HambreTests.release.xcconfig */,
			);
			name = Pods;
			sourceTree = "<group>";
		};
/* End PBXGroup section */

/* Begin PBXNativeTarget section */
		645095891EDB842400427A83 /* Hambre */ = {
			isa = PBXNativeTarget;
			buildConfigurationList = 645095B41EDB842400427A83 /* Build configuration list for PBXNativeTarget "Hambre" */;
			buildPhases = (
				D876608B060BCED3F2C41EB4 /* [CP] Check Pods Manifest.lock */,
				645095861EDB842400427A83 /* Sources */,
				645095871EDB842400427A83 /* Frameworks */,
				645095881EDB842400427A83 /* Resources */,
				D80CF54D50C86CB2697DEC23 /* [CP] Embed Pods Frameworks */,
				592E10DD3143472B0DED4AA1 /* [CP] Copy Pods Resources */,
			);
			buildRules = (
			);
			dependencies = (
			);
			name = Hambre;
			productName = Hambre;
			productReference = 6450958A1EDB842400427A83 /* Hambre.app */;
			productType = "com.apple.product-type.application";
		};
		6450959F1EDB842400427A83 /* HambreTests */ = {
			isa = PBXNativeTarget;
			buildConfigurationList = 645095B71EDB842400427A83 /* Build configuration list for PBXNativeTarget "HambreTests" */;
			buildPhases = (
				81C79E1024AB4C37FE948393 /* [CP] Check Pods Manifest.lock */,
				6450959C1EDB842400427A83 /* Sources */,
				6450959D1EDB842400427A83 /* Frameworks */,
				6450959E1EDB842400427A83 /* Resources */,
				CD5CDD6D5FD1BD8B3B59F6A1 /* [CP] Embed Pods Frameworks */,
				76E83A47C347965000F02286 /* [CP] Copy Pods Resources */,
			);
			buildRules = (
			);
			dependencies = (
				645095A21EDB842400427A83 /* PBXTargetDependency */,
			);
			name = HambreTests;
			productName = HambreTests;
			productReference = 645095A01EDB842400427A83 /* HambreTests.xctest */;
			productType = "com.apple.product-type.bundle.unit-test";
		};
		645095AA1EDB842400427A83 /* HambreUITests */ = {
			isa = PBXNativeTarget;
			buildConfigurationList = 645095BA1EDB842400427A83 /* Build configuration list for PBXNativeTarget "HambreUITests" */;
			buildPhases = (
				645095A71EDB842400427A83 /* Sources */,
				645095A81EDB842400427A83 /* Frameworks */,
				645095A91EDB842400427A83 /* Resources */,
			);
			buildRules = (
			);
			dependencies = (
				645095AD1EDB842400427A83 /* PBXTargetDependency */,
			);
			name = HambreUITests;
			productName = HambreUITests;
			productReference = 645095AB1EDB842400427A83 /* HambreUITests.xctest */;
			productType = "com.apple.product-type.bundle.ui-testing";
		};
/* End PBXNativeTarget section */

/* Begin PBXProject section */
		645095821EDB842400427A83 /* Project object */ = {
			isa = PBXProject;
			attributes = {
				LastSwiftUpdateCheck = 0830;
				LastUpgradeCheck = 0830;
				ORGANIZATIONNAME = GOODLIFE;
				TargetAttributes = {
					645095891EDB842400427A83 = {
						CreatedOnToolsVersion = 8.3.2;
						DevelopmentTeam = BEPL73VPNG;
						LastSwiftMigration = 0830;
						ProvisioningStyle = Automatic;
						SystemCapabilities = {
							com.apple.Push = {
								enabled = 1;
							};
							com.apple.iCloud = {
								enabled = 1;
							};
						};
					};
					6450959F1EDB842400427A83 = {
						CreatedOnToolsVersion = 8.3.2;
						DevelopmentTeam = BEPL73VPNG;
						ProvisioningStyle = Automatic;
						TestTargetID = 645095891EDB842400427A83;
					};
					645095AA1EDB842400427A83 = {
						CreatedOnToolsVersion = 8.3.2;
						DevelopmentTeam = BEPL73VPNG;
						ProvisioningStyle = Automatic;
						TestTargetID = 645095891EDB842400427A83;
					};
				};
			};
			buildConfigurationList = 645095851EDB842400427A83 /* Build configuration list for PBXProject "Hambre" */;
			compatibilityVersion = "Xcode 3.2";
			developmentRegion = English;
			hasScannedForEncodings = 0;
			knownRegions = (
				en,
				Base,
			);
			mainGroup = 645095811EDB842400427A83;
			productRefGroup = 6450958B1EDB842400427A83 /* Products */;
			projectDirPath = "";
			projectRoot = "";
			targets = (
				645095891EDB842400427A83 /* Hambre */,
				6450959F1EDB842400427A83 /* HambreTests */,
				645095AA1EDB842400427A83 /* HambreUITests */,
			);
		};
/* End PBXProject section */

/* Begin PBXResourcesBuildPhase section */
		645095881EDB842400427A83 /* Resources */ = {
			isa = PBXResourcesBuildPhase;
			buildActionMask = 2147483647;
			files = (
				6408B5851EF862F900600538 /* ReviewTableViewCell.xib in Resources */,
				64D8E8391EEA39F000D5DB31 /* View.xib in Resources */,
				64932DD71EEF75A1001727AE /* ReviewView.xib in Resources */,
				6450959A1EDB842400427A83 /* LaunchScreen.storyboard in Resources */,
				5B01B5261F1052AC00EB8AF3 /* Righteous-Regular.ttf in Resources */,
				642079C11EF0D77D00F78230 /* MapView.xib in Resources */,
				645095971EDB842400427A83 /* Assets.xcassets in Resources */,
				64AB3F951F0C790800F280B7 /* DraggableView.xib in Resources */,
				645095951EDB842400427A83 /* Main.storyboard in Resources */,
			);
			runOnlyForDeploymentPostprocessing = 0;
		};
		6450959E1EDB842400427A83 /* Resources */ = {
			isa = PBXResourcesBuildPhase;
			buildActionMask = 2147483647;
			files = (
			);
			runOnlyForDeploymentPostprocessing = 0;
		};
		645095A91EDB842400427A83 /* Resources */ = {
			isa = PBXResourcesBuildPhase;
			buildActionMask = 2147483647;
			files = (
			);
			runOnlyForDeploymentPostprocessing = 0;
		};
/* End PBXResourcesBuildPhase section */

/* Begin PBXShellScriptBuildPhase section */
		592E10DD3143472B0DED4AA1 /* [CP] Copy Pods Resources */ = {
			isa = PBXShellScriptBuildPhase;
			buildActionMask = 2147483647;
			files = (
			);
			inputPaths = (
			);
			name = "[CP] Copy Pods Resources";
			outputPaths = (
			);
			runOnlyForDeploymentPostprocessing = 0;
			shellPath = /bin/sh;
			shellScript = "\"${SRCROOT}/Pods/Target Support Files/Pods-Hambre/Pods-Hambre-resources.sh\"\n";
			showEnvVarsInLog = 0;
		};
		76E83A47C347965000F02286 /* [CP] Copy Pods Resources */ = {
			isa = PBXShellScriptBuildPhase;
			buildActionMask = 2147483647;
			files = (
			);
			inputPaths = (
			);
			name = "[CP] Copy Pods Resources";
			outputPaths = (
			);
			runOnlyForDeploymentPostprocessing = 0;
			shellPath = /bin/sh;
			shellScript = "\"${SRCROOT}/Pods/Target Support Files/Pods-HambreTests/Pods-HambreTests-resources.sh\"\n";
			showEnvVarsInLog = 0;
		};
		81C79E1024AB4C37FE948393 /* [CP] Check Pods Manifest.lock */ = {
			isa = PBXShellScriptBuildPhase;
			buildActionMask = 2147483647;
			files = (
			);
			inputPaths = (
			);
			name = "[CP] Check Pods Manifest.lock";
			outputPaths = (
			);
			runOnlyForDeploymentPostprocessing = 0;
			shellPath = /bin/sh;
			shellScript = "diff \"${PODS_PODFILE_DIR_PATH}/Podfile.lock\" \"${PODS_ROOT}/Manifest.lock\" > /dev/null\nif [ $? != 0 ] ; then\n    # print error to STDERR\n    echo \"error: The sandbox is not in sync with the Podfile.lock. Run 'pod install' or update your CocoaPods installation.\" >&2\n    exit 1\nfi\n";
			showEnvVarsInLog = 0;
		};
		CD5CDD6D5FD1BD8B3B59F6A1 /* [CP] Embed Pods Frameworks */ = {
			isa = PBXShellScriptBuildPhase;
			buildActionMask = 2147483647;
			files = (
			);
			inputPaths = (
			);
			name = "[CP] Embed Pods Frameworks";
			outputPaths = (
			);
			runOnlyForDeploymentPostprocessing = 0;
			shellPath = /bin/sh;
			shellScript = "\"${SRCROOT}/Pods/Target Support Files/Pods-HambreTests/Pods-HambreTests-frameworks.sh\"\n";
			showEnvVarsInLog = 0;
		};
		D80CF54D50C86CB2697DEC23 /* [CP] Embed Pods Frameworks */ = {
			isa = PBXShellScriptBuildPhase;
			buildActionMask = 2147483647;
			files = (
			);
			inputPaths = (
			);
			name = "[CP] Embed Pods Frameworks";
			outputPaths = (
			);
			runOnlyForDeploymentPostprocessing = 0;
			shellPath = /bin/sh;
			shellScript = "\"${SRCROOT}/Pods/Target Support Files/Pods-Hambre/Pods-Hambre-frameworks.sh\"\n";
			showEnvVarsInLog = 0;
		};
		D876608B060BCED3F2C41EB4 /* [CP] Check Pods Manifest.lock */ = {
			isa = PBXShellScriptBuildPhase;
			buildActionMask = 2147483647;
			files = (
			);
			inputPaths = (
			);
			name = "[CP] Check Pods Manifest.lock";
			outputPaths = (
			);
			runOnlyForDeploymentPostprocessing = 0;
			shellPath = /bin/sh;
			shellScript = "diff \"${PODS_PODFILE_DIR_PATH}/Podfile.lock\" \"${PODS_ROOT}/Manifest.lock\" > /dev/null\nif [ $? != 0 ] ; then\n    # print error to STDERR\n    echo \"error: The sandbox is not in sync with the Podfile.lock. Run 'pod install' or update your CocoaPods installation.\" >&2\n    exit 1\nfi\n";
			showEnvVarsInLog = 0;
		};
/* End PBXShellScriptBuildPhase section */

/* Begin PBXSourcesBuildPhase section */
		645095861EDB842400427A83 /* Sources */ = {
			isa = PBXSourcesBuildPhase;
			buildActionMask = 2147483647;
			files = (
				646F529F1F06D70100D977B3 /* RadiiLocation.swift in Sources */,
				642A7CCA1EDCD9430085062A /* Negocio.swift in Sources */,
				64AA366B1F032D19002DB2AC /* WebViewController.swift in Sources */,
				642A7CCC1EDCDA520085062A /* PersonalBusiness.swift in Sources */,
				644FA6F01F0C0C700034D574 /* RadiusCoreData.swift in Sources */,
				645A31EF1EE2114D001A958A /* AddReviewViewController.swift in Sources */,
				6499FE661F0AFED50000D23A /* SettingsPopOverViewController.swift in Sources */,
				5B52042C1EEA5C600069AD33 /* CALayerExtension.swift in Sources */,
				646ED0901F0D778400E3253B /* OverlayView.swift in Sources */,
				648B74CE1EDE58FF00B5D2CE /* LikedBusinessesViewController.swift in Sources */,
				64D8E8371EEA38F400D5DB31 /* DetailView.swift in Sources */,
				64D8E8341EE9F5C900D5DB31 /* MainTabViewController.swift in Sources */,
				642A7CCF1EDCDCB40085062A /* Negocios.xcdatamodeld in Sources */,
				64CEE4911EE0A7660065082F /* CloudKitDatabaseHandler.swift in Sources */,
				64716E891EE88E2B00970C07 /* GenrePickerViewController.swift in Sources */,
				64F8566C1EDF61D3004E352F /* BusinessViewController.swift in Sources */,
				642079C31EF0D78900F78230 /* MapView.swift in Sources */,
				64A69A821F05D52700EC3F8C /* NoInternetConnectionViewController.swift in Sources */,
				646B59DC1EE8C15700CCB194 /* CoreDataLocation.swift in Sources */,
				648B74C91EDE4DBC00B5D2CE /* PersonalBusinessCoreData.swift in Sources */,
				642A7CD31EDCE0A00085062A /* BusinessTileViewController.swift in Sources */,
				6450958E1EDB842400427A83 /* AppDelegate.swift in Sources */,
				64932DD91EEF75B9001727AE /* ReviewView.swift in Sources */,
				64E1E8C81EDBAA020052EABA /* YLPClient.swift in Sources */,
				64AB3F971F0C799B00F280B7 /* DraggableView.swift in Sources */,
				642A7CD11EDCDD950085062A /* BusinessTileOperator.swift in Sources */,
				644BCA081EE75A95004324E2 /* ReviewTableViewCell.swift in Sources */,
				648B74C51EDE25F400B5D2CE /* YelpContainer.swift in Sources */,
				645911661EE65363006517CB /* LikedTableViewCell.swift in Sources */,
				64716E871EE8850300970C07 /* SettingsViewController.swift in Sources */,
			);
			runOnlyForDeploymentPostprocessing = 0;
		};
		6450959C1EDB842400427A83 /* Sources */ = {
			isa = PBXSourcesBuildPhase;
			buildActionMask = 2147483647;
			files = (
			);
			runOnlyForDeploymentPostprocessing = 0;
		};
		645095A71EDB842400427A83 /* Sources */ = {
			isa = PBXSourcesBuildPhase;
			buildActionMask = 2147483647;
			files = (
			);
			runOnlyForDeploymentPostprocessing = 0;
		};
/* End PBXSourcesBuildPhase section */

/* Begin PBXTargetDependency section */
		645095A21EDB842400427A83 /* PBXTargetDependency */ = {
			isa = PBXTargetDependency;
			target = 645095891EDB842400427A83 /* Hambre */;
			targetProxy = 645095A11EDB842400427A83 /* PBXContainerItemProxy */;
		};
		645095AD1EDB842400427A83 /* PBXTargetDependency */ = {
			isa = PBXTargetDependency;
			target = 645095891EDB842400427A83 /* Hambre */;
			targetProxy = 645095AC1EDB842400427A83 /* PBXContainerItemProxy */;
		};
/* End PBXTargetDependency section */

/* Begin PBXVariantGroup section */
		645095931EDB842400427A83 /* Main.storyboard */ = {
			isa = PBXVariantGroup;
			children = (
				645095941EDB842400427A83 /* Base */,
			);
			name = Main.storyboard;
			sourceTree = "<group>";
		};
		645095981EDB842400427A83 /* LaunchScreen.storyboard */ = {
			isa = PBXVariantGroup;
			children = (
				645095991EDB842400427A83 /* Base */,
			);
			name = LaunchScreen.storyboard;
			sourceTree = "<group>";
		};
/* End PBXVariantGroup section */

/* Begin XCBuildConfiguration section */
		645095B21EDB842400427A83 /* Debug */ = {
			isa = XCBuildConfiguration;
			buildSettings = {
				ALWAYS_SEARCH_USER_PATHS = NO;
				CLANG_ANALYZER_NONNULL = YES;
				CLANG_ANALYZER_NUMBER_OBJECT_CONVERSION = YES_AGGRESSIVE;
				CLANG_CXX_LANGUAGE_STANDARD = "gnu++0x";
				CLANG_CXX_LIBRARY = "libc++";
				CLANG_ENABLE_MODULES = YES;
				CLANG_ENABLE_OBJC_ARC = YES;
				CLANG_WARN_BOOL_CONVERSION = YES;
				CLANG_WARN_CONSTANT_CONVERSION = YES;
				CLANG_WARN_DIRECT_OBJC_ISA_USAGE = YES_ERROR;
				CLANG_WARN_DOCUMENTATION_COMMENTS = YES;
				CLANG_WARN_EMPTY_BODY = YES;
				CLANG_WARN_ENUM_CONVERSION = YES;
				CLANG_WARN_INFINITE_RECURSION = YES;
				CLANG_WARN_INT_CONVERSION = YES;
				CLANG_WARN_OBJC_ROOT_CLASS = YES_ERROR;
				CLANG_WARN_SUSPICIOUS_MOVE = YES;
				CLANG_WARN_UNREACHABLE_CODE = YES;
				CLANG_WARN__DUPLICATE_METHOD_MATCH = YES;
				"CODE_SIGN_IDENTITY[sdk=iphoneos*]" = "iPhone Developer";
				COPY_PHASE_STRIP = NO;
				DEBUG_INFORMATION_FORMAT = dwarf;
				ENABLE_STRICT_OBJC_MSGSEND = YES;
				ENABLE_TESTABILITY = YES;
				GCC_C_LANGUAGE_STANDARD = gnu99;
				GCC_DYNAMIC_NO_PIC = NO;
				GCC_NO_COMMON_BLOCKS = YES;
				GCC_OPTIMIZATION_LEVEL = 0;
				GCC_PREPROCESSOR_DEFINITIONS = (
					"DEBUG=1",
					"$(inherited)",
				);
				GCC_WARN_64_TO_32_BIT_CONVERSION = YES;
				GCC_WARN_ABOUT_RETURN_TYPE = YES_ERROR;
				GCC_WARN_UNDECLARED_SELECTOR = YES;
				GCC_WARN_UNINITIALIZED_AUTOS = YES_AGGRESSIVE;
				GCC_WARN_UNUSED_FUNCTION = YES;
				GCC_WARN_UNUSED_VARIABLE = YES;
				IPHONEOS_DEPLOYMENT_TARGET = 10.3;
				MTL_ENABLE_DEBUG_INFO = YES;
				ONLY_ACTIVE_ARCH = YES;
				SDKROOT = iphoneos;
				SWIFT_ACTIVE_COMPILATION_CONDITIONS = DEBUG;
				SWIFT_OPTIMIZATION_LEVEL = "-Onone";
				TARGETED_DEVICE_FAMILY = "1,2";
			};
			name = Debug;
		};
		645095B31EDB842400427A83 /* Release */ = {
			isa = XCBuildConfiguration;
			buildSettings = {
				ALWAYS_SEARCH_USER_PATHS = NO;
				CLANG_ANALYZER_NONNULL = YES;
				CLANG_ANALYZER_NUMBER_OBJECT_CONVERSION = YES_AGGRESSIVE;
				CLANG_CXX_LANGUAGE_STANDARD = "gnu++0x";
				CLANG_CXX_LIBRARY = "libc++";
				CLANG_ENABLE_MODULES = YES;
				CLANG_ENABLE_OBJC_ARC = YES;
				CLANG_WARN_BOOL_CONVERSION = YES;
				CLANG_WARN_CONSTANT_CONVERSION = YES;
				CLANG_WARN_DIRECT_OBJC_ISA_USAGE = YES_ERROR;
				CLANG_WARN_DOCUMENTATION_COMMENTS = YES;
				CLANG_WARN_EMPTY_BODY = YES;
				CLANG_WARN_ENUM_CONVERSION = YES;
				CLANG_WARN_INFINITE_RECURSION = YES;
				CLANG_WARN_INT_CONVERSION = YES;
				CLANG_WARN_OBJC_ROOT_CLASS = YES_ERROR;
				CLANG_WARN_SUSPICIOUS_MOVE = YES;
				CLANG_WARN_UNREACHABLE_CODE = YES;
				CLANG_WARN__DUPLICATE_METHOD_MATCH = YES;
				"CODE_SIGN_IDENTITY[sdk=iphoneos*]" = "iPhone Developer";
				COPY_PHASE_STRIP = NO;
				DEBUG_INFORMATION_FORMAT = "dwarf-with-dsym";
				ENABLE_NS_ASSERTIONS = NO;
				ENABLE_STRICT_OBJC_MSGSEND = YES;
				GCC_C_LANGUAGE_STANDARD = gnu99;
				GCC_NO_COMMON_BLOCKS = YES;
				GCC_WARN_64_TO_32_BIT_CONVERSION = YES;
				GCC_WARN_ABOUT_RETURN_TYPE = YES_ERROR;
				GCC_WARN_UNDECLARED_SELECTOR = YES;
				GCC_WARN_UNINITIALIZED_AUTOS = YES_AGGRESSIVE;
				GCC_WARN_UNUSED_FUNCTION = YES;
				GCC_WARN_UNUSED_VARIABLE = YES;
				IPHONEOS_DEPLOYMENT_TARGET = 10.3;
				MTL_ENABLE_DEBUG_INFO = NO;
				SDKROOT = iphoneos;
				SWIFT_OPTIMIZATION_LEVEL = "-Owholemodule";
				TARGETED_DEVICE_FAMILY = "1,2";
				VALIDATE_PRODUCT = YES;
			};
			name = Release;
		};
		645095B51EDB842400427A83 /* Debug */ = {
			isa = XCBuildConfiguration;
			baseConfigurationReference = 2DD9A9129711824D51E13F5A /* Pods-Hambre.debug.xcconfig */;
			buildSettings = {
				ASSETCATALOG_COMPILER_APPICON_NAME = AppIcon;
				ASSETCATALOG_COMPILER_LAUNCHIMAGE_NAME = LaunchImage;
				CLANG_ENABLE_MODULES = YES;
				CODE_SIGN_ENTITLEMENTS = Hambre/Hambre.entitlements;
				DEVELOPMENT_TEAM = BEPL73VPNG;
				INFOPLIST_FILE = Hambre/Info.plist;
				IPHONEOS_DEPLOYMENT_TARGET = 10.1;
				LD_RUNPATH_SEARCH_PATHS = "$(inherited) @executable_path/Frameworks";
				PRODUCT_BUNDLE_IDENTIFIER = goodlife.Hambre;
				PRODUCT_NAME = "$(TARGET_NAME)";
				SWIFT_OPTIMIZATION_LEVEL = "-Onone";
				SWIFT_VERSION = 3.0;
			};
			name = Debug;
		};
		645095B61EDB842400427A83 /* Release */ = {
			isa = XCBuildConfiguration;
			baseConfigurationReference = 9B30F1AE1197A9EE0086F1FB /* Pods-Hambre.release.xcconfig */;
			buildSettings = {
				ASSETCATALOG_COMPILER_APPICON_NAME = AppIcon;
				ASSETCATALOG_COMPILER_LAUNCHIMAGE_NAME = LaunchImage;
				CLANG_ENABLE_MODULES = YES;
				CODE_SIGN_ENTITLEMENTS = Hambre/Hambre.entitlements;
				DEVELOPMENT_TEAM = BEPL73VPNG;
				INFOPLIST_FILE = Hambre/Info.plist;
				IPHONEOS_DEPLOYMENT_TARGET = 10.1;
				LD_RUNPATH_SEARCH_PATHS = "$(inherited) @executable_path/Frameworks";
				PRODUCT_BUNDLE_IDENTIFIER = goodlife.Hambre;
				PRODUCT_NAME = "$(TARGET_NAME)";
				SWIFT_VERSION = 3.0;
			};
			name = Release;
		};
		645095B81EDB842400427A83 /* Debug */ = {
			isa = XCBuildConfiguration;
			baseConfigurationReference = 5E8D6256026A9DBC42650E1A /* Pods-HambreTests.debug.xcconfig */;
			buildSettings = {
				ALWAYS_EMBED_SWIFT_STANDARD_LIBRARIES = YES;
				BUNDLE_LOADER = "$(TEST_HOST)";
				DEVELOPMENT_TEAM = BEPL73VPNG;
				INFOPLIST_FILE = HambreTests/Info.plist;
				LD_RUNPATH_SEARCH_PATHS = "$(inherited) @executable_path/Frameworks @loader_path/Frameworks";
				PRODUCT_BUNDLE_IDENTIFIER = goodlife.HambreTests;
				PRODUCT_NAME = "$(TARGET_NAME)";
				SWIFT_VERSION = 3.0;
				TEST_HOST = "$(BUILT_PRODUCTS_DIR)/Hambre.app/Hambre";
			};
			name = Debug;
		};
		645095B91EDB842400427A83 /* Release */ = {
			isa = XCBuildConfiguration;
			baseConfigurationReference = D06A183918C18A19BCB71376 /* Pods-HambreTests.release.xcconfig */;
			buildSettings = {
				ALWAYS_EMBED_SWIFT_STANDARD_LIBRARIES = YES;
				BUNDLE_LOADER = "$(TEST_HOST)";
				DEVELOPMENT_TEAM = BEPL73VPNG;
				INFOPLIST_FILE = HambreTests/Info.plist;
				LD_RUNPATH_SEARCH_PATHS = "$(inherited) @executable_path/Frameworks @loader_path/Frameworks";
				PRODUCT_BUNDLE_IDENTIFIER = goodlife.HambreTests;
				PRODUCT_NAME = "$(TARGET_NAME)";
				SWIFT_VERSION = 3.0;
				TEST_HOST = "$(BUILT_PRODUCTS_DIR)/Hambre.app/Hambre";
			};
			name = Release;
		};
		645095BB1EDB842400427A83 /* Debug */ = {
			isa = XCBuildConfiguration;
			buildSettings = {
				ALWAYS_EMBED_SWIFT_STANDARD_LIBRARIES = YES;
				DEVELOPMENT_TEAM = BEPL73VPNG;
				INFOPLIST_FILE = HambreUITests/Info.plist;
				LD_RUNPATH_SEARCH_PATHS = "$(inherited) @executable_path/Frameworks @loader_path/Frameworks";
				PRODUCT_BUNDLE_IDENTIFIER = goodlife.HambreUITests;
				PRODUCT_NAME = "$(TARGET_NAME)";
				SWIFT_VERSION = 3.0;
				TEST_TARGET_NAME = Hambre;
			};
			name = Debug;
		};
		645095BC1EDB842400427A83 /* Release */ = {
			isa = XCBuildConfiguration;
			buildSettings = {
				ALWAYS_EMBED_SWIFT_STANDARD_LIBRARIES = YES;
				DEVELOPMENT_TEAM = BEPL73VPNG;
				INFOPLIST_FILE = HambreUITests/Info.plist;
				LD_RUNPATH_SEARCH_PATHS = "$(inherited) @executable_path/Frameworks @loader_path/Frameworks";
				PRODUCT_BUNDLE_IDENTIFIER = goodlife.HambreUITests;
				PRODUCT_NAME = "$(TARGET_NAME)";
				SWIFT_VERSION = 3.0;
				TEST_TARGET_NAME = Hambre;
			};
			name = Release;
		};
/* End XCBuildConfiguration section */

/* Begin XCConfigurationList section */
		645095851EDB842400427A83 /* Build configuration list for PBXProject "Hambre" */ = {
			isa = XCConfigurationList;
			buildConfigurations = (
				645095B21EDB842400427A83 /* Debug */,
				645095B31EDB842400427A83 /* Release */,
			);
			defaultConfigurationIsVisible = 0;
			defaultConfigurationName = Release;
		};
		645095B41EDB842400427A83 /* Build configuration list for PBXNativeTarget "Hambre" */ = {
			isa = XCConfigurationList;
			buildConfigurations = (
				645095B51EDB842400427A83 /* Debug */,
				645095B61EDB842400427A83 /* Release */,
			);
			defaultConfigurationIsVisible = 0;
			defaultConfigurationName = Release;
		};
		645095B71EDB842400427A83 /* Build configuration list for PBXNativeTarget "HambreTests" */ = {
			isa = XCConfigurationList;
			buildConfigurations = (
				645095B81EDB842400427A83 /* Debug */,
				645095B91EDB842400427A83 /* Release */,
			);
			defaultConfigurationIsVisible = 0;
			defaultConfigurationName = Release;
		};
		645095BA1EDB842400427A83 /* Build configuration list for PBXNativeTarget "HambreUITests" */ = {
			isa = XCConfigurationList;
			buildConfigurations = (
				645095BB1EDB842400427A83 /* Debug */,
				645095BC1EDB842400427A83 /* Release */,
			);
			defaultConfigurationIsVisible = 0;
			defaultConfigurationName = Release;
		};
/* End XCConfigurationList section */

/* Begin XCVersionGroup section */
		642A7CCD1EDCDCB40085062A /* Negocios.xcdatamodeld */ = {
			isa = XCVersionGroup;
			children = (
				644DFABB1F0C37860092FACF /* Negocios5.xcdatamodel */,
				644FA6F11F0C0FD80034D574 /* Negocios4.xcdatamodel */,
				64932DDA1EEF8A35001727AE /* Negocios3.xcdatamodel */,
				646B59DD1EE8C19100CCB194 /* Negocios2.xcdatamodel */,
				645911641EE64D92006517CB /* Negocios1.xcdatamodel */,
				642A7CCE1EDCDCB40085062A /* Negocios.xcdatamodel */,
			);
			currentVersion = 644DFABB1F0C37860092FACF /* Negocios5.xcdatamodel */;
			path = Negocios.xcdatamodeld;
			sourceTree = "<group>";
			versionGroupType = wrapper.xcdatamodel;
		};
/* End XCVersionGroup section */
	};
	rootObject = 645095821EDB842400427A83 /* Project object */;
}
